
Microsoft Visual Studio Solution File, Format Version 12.00
# Visual Studio Version 17
VisualStudioVersion = 17.11.35312.102
MinimumVisualStudioVersion = 10.0.40219.1
Project("{8BC9CEB8-8B4A-11D0-8D11-00A0C91BC942}") = "ToolGood.Words", "ToolGood.Words\ToolGood.Words.vcxproj", "{AB38D1D8-AAC3-450E-9563-29FB3339ADB3}"
EndProject
Global
	GlobalSection(SolutionConfigurationPlatforms) = preSolution
		Debug|x64 = Debug|x64
		Debug|x86 = Debug|x86
		Release|x64 = Release|x64
		Release|x86 = Release|x86
	EndGlobalSection
	GlobalSection(ProjectConfigurationPlatforms) = postSolution
		{AB38D1D8-AAC3-450E-9563-29FB3339ADB3}.Debug|x64.ActiveCfg = Debug|x64
		{AB38D1D8-AAC3-450E-9563-29FB3339ADB3}.Debug|x64.Build.0 = Debug|x64
		{AB38D1D8-AAC3-450E-9563-29FB3339ADB3}.Debug|x86.ActiveCfg = Debug|Win32
		{AB38D1D8-AAC3-450E-9563-29FB3339ADB3}.Debug|x86.Build.0 = Debug|Win32
		{AB38D1D8-AAC3-450E-9563-29FB3339ADB3}.Release|x64.ActiveCfg = Release|x64
		{AB38D1D8-AAC3-450E-9563-29FB3339ADB3}.Release|x64.Build.0 = Release|x64
		{AB38D1D8-AAC3-450E-9563-29FB3339ADB3}.Release|x86.ActiveCfg = Release|Win32
		{AB38D1D8-AAC3-450E-9563-29FB3339ADB3}.Release|x86.Build.0 = Release|Win32
	EndGlobalSection
	GlobalSection(SolutionProperties) = preSolution
		HideSolutionNode = FALSE
	EndGlobalSection
	GlobalSection(ExtensibilityGlobals) = postSolution
		SolutionGuid = {143AC62E-6044-4A30-9652-2DC31C3AEABE}
	EndGlobalSection
EndGlobal
